// !$*UTF8*$!
{
	archiveVersion = 1;
	classes = {
	};
	objectVersion = 51;
	objects = {

/* Begin PBXBuildFile section */
		131C022BBCABB53AA6783685 /* main.swift in Sources */ = {isa = PBXBuildFile; fileRef = D7DB1E892CA869885F07214D /* main.swift */; };
		19B33848FDF4FDB2FD2EB22A /* XpringKit.framework in Frameworks */ = {isa = PBXBuildFile; fileRef = DC1538E2E17772942A5517C3 /* XpringKit.framework */; };
		2B8DCF86F9F0D747B7C83479 /* XpringKit.framework in Frameworks */ = {isa = PBXBuildFile; fileRef = DC1538E2E17772942A5517C3 /* XpringKit.framework */; };
		4E1C740458EAC8D41F5A56ED /* XpringKit.framework in Frameworks */ = {isa = PBXBuildFile; fileRef = DC1538E2E17772942A5517C3 /* XpringKit.framework */; };
		60F02DB3B43009EAB6E436DE /* main.swift in Sources */ = {isa = PBXBuildFile; fileRef = DB173D63859DB1E47B39D1E8 /* main.swift */; };
		6C09CE163C7A32D68FCD0A6C /* main.swift in Sources */ = {isa = PBXBuildFile; fileRef = 7CF22826DA9B1429A54447EE /* main.swift */; };
		917748B805A397214656A79E /* XpringKit.framework in Frameworks */ = {isa = PBXBuildFile; fileRef = DC1538E2E17772942A5517C3 /* XpringKit.framework */; };
		EAB26F61826425F1E8F84B2F /* main.swift in Sources */ = {isa = PBXBuildFile; fileRef = 20EFD27AC920765763AEC83D /* main.swift */; };
/* End PBXBuildFile section */

/* Begin PBXFileReference section */
		20EFD27AC920765763AEC83D /* main.swift */ = {isa = PBXFileReference; lastKnownFileType = sourcecode.swift; path = main.swift; sourceTree = "<group>"; };
		45D47AFFC029EBA3135ECE5B /* Xpring-Demo */ = {isa = PBXFileReference; includeInIndex = 0; path = "Xpring-Demo"; sourceTree = BUILT_PRODUCTS_DIR; };
		7CF22826DA9B1429A54447EE /* main.swift */ = {isa = PBXFileReference; lastKnownFileType = sourcecode.swift; path = main.swift; sourceTree = "<group>"; };
		8E87767ABC0DF17582D4EA10 /* PayId-Demo */ = {isa = PBXFileReference; includeInIndex = 0; path = "PayId-Demo"; sourceTree = BUILT_PRODUCTS_DIR; };
		9E361485AE4C0990FFC4EB7D /* XRP-Demo */ = {isa = PBXFileReference; includeInIndex = 0; path = "XRP-Demo"; sourceTree = BUILT_PRODUCTS_DIR; };
		D25C211083B60DFFA3F86B4A /* ILP-Demo */ = {isa = PBXFileReference; includeInIndex = 0; path = "ILP-Demo"; sourceTree = BUILT_PRODUCTS_DIR; };
		D7DB1E892CA869885F07214D /* main.swift */ = {isa = PBXFileReference; lastKnownFileType = sourcecode.swift; path = main.swift; sourceTree = "<group>"; };
		DB173D63859DB1E47B39D1E8 /* main.swift */ = {isa = PBXFileReference; lastKnownFileType = sourcecode.swift; path = main.swift; sourceTree = "<group>"; };
		DC1538E2E17772942A5517C3 /* XpringKit.framework */ = {isa = PBXFileReference; lastKnownFileType = wrapper.framework; path = XpringKit.framework; sourceTree = "<group>"; };
/* End PBXFileReference section */

/* Begin PBXFrameworksBuildPhase section */
		669653EF843641F6BDE67FC7 /* Frameworks */ = {
			isa = PBXFrameworksBuildPhase;
			buildActionMask = 2147483647;
			files = (
				2B8DCF86F9F0D747B7C83479 /* XpringKit.framework in Frameworks */,
			);
			runOnlyForDeploymentPostprocessing = 0;
		};
		6F2CF8700391F97237A7FC72 /* Frameworks */ = {
			isa = PBXFrameworksBuildPhase;
			buildActionMask = 2147483647;
			files = (
				917748B805A397214656A79E /* XpringKit.framework in Frameworks */,
			);
			runOnlyForDeploymentPostprocessing = 0;
		};
		976276E7E7C61322BC395220 /* Frameworks */ = {
			isa = PBXFrameworksBuildPhase;
			buildActionMask = 2147483647;
			files = (
				4E1C740458EAC8D41F5A56ED /* XpringKit.framework in Frameworks */,
			);
			runOnlyForDeploymentPostprocessing = 0;
		};
		EEA0AD9CBC7FFFA15CD3F347 /* Frameworks */ = {
			isa = PBXFrameworksBuildPhase;
			buildActionMask = 2147483647;
			files = (
				19B33848FDF4FDB2FD2EB22A /* XpringKit.framework in Frameworks */,
			);
			runOnlyForDeploymentPostprocessing = 0;
		};
/* End PBXFrameworksBuildPhase section */

/* Begin PBXGroup section */
		009DE0E96E1E86237402E9E9 /* ILP */ = {
			isa = PBXGroup;
			children = (
				20EFD27AC920765763AEC83D /* main.swift */,
			);
			name = ILP;
			path = Sources/ILP;
			sourceTree = "<group>";
		};
		42131D72FA16AEEBDD18AE11 = {
			isa = PBXGroup;
			children = (
				009DE0E96E1E86237402E9E9 /* ILP */,
				4F777A822DD27DFF7FBB056F /* PayID */,
				771B0C3EA43A009732FCFE6C /* Xpring */,
				EC3A9F987AAB6337BD308A86 /* XRP */,
				F36B7758D7899E35B52F881D /* Frameworks */,
				EAB36AFD08909959219DD230 /* Products */,
			);
			sourceTree = "<group>";
		};
		4F777A822DD27DFF7FBB056F /* PayID */ = {
			isa = PBXGroup;
			children = (
				D7DB1E892CA869885F07214D /* main.swift */,
			);
			name = PayID;
			path = Sources/PayID;
			sourceTree = "<group>";
		};
		771B0C3EA43A009732FCFE6C /* Xpring */ = {
			isa = PBXGroup;
			children = (
				7CF22826DA9B1429A54447EE /* main.swift */,
			);
			name = Xpring;
			path = Sources/Xpring;
			sourceTree = "<group>";
		};
		E876459C1B932E983E6158AD /* Mac */ = {
			isa = PBXGroup;
			children = (
				DC1538E2E17772942A5517C3 /* XpringKit.framework */,
			);
			path = Mac;
			sourceTree = "<group>";
		};
		EAB36AFD08909959219DD230 /* Products */ = {
			isa = PBXGroup;
			children = (
				D25C211083B60DFFA3F86B4A /* ILP-Demo */,
				8E87767ABC0DF17582D4EA10 /* PayId-Demo */,
				45D47AFFC029EBA3135ECE5B /* Xpring-Demo */,
				9E361485AE4C0990FFC4EB7D /* XRP-Demo */,
			);
			name = Products;
			sourceTree = "<group>";
		};
		EC3A9F987AAB6337BD308A86 /* XRP */ = {
			isa = PBXGroup;
			children = (
				DB173D63859DB1E47B39D1E8 /* main.swift */,
			);
			name = XRP;
			path = Sources/XRP;
			sourceTree = "<group>";
		};
		F36B7758D7899E35B52F881D /* Frameworks */ = {
			isa = PBXGroup;
			children = (
				F9B74DDFAE6552A9A7C709EF /* Carthage */,
			);
			name = Frameworks;
			sourceTree = "<group>";
		};
		F9B74DDFAE6552A9A7C709EF /* Carthage */ = {
			isa = PBXGroup;
			children = (
				E876459C1B932E983E6158AD /* Mac */,
			);
			name = Carthage;
			path = Carthage/Build;
			sourceTree = "<group>";
		};
/* End PBXGroup section */

/* Begin PBXNativeTarget section */
		03EAEC6BD32BFD581007C85D /* Xpring-Demo */ = {
			isa = PBXNativeTarget;
			buildConfigurationList = 16F46EDC13646F481576F83C /* Build configuration list for PBXNativeTarget "Xpring-Demo" */;
			buildPhases = (
				C7FB367363D3D280E4AA3BC1 /* Sources */,
				EEA0AD9CBC7FFFA15CD3F347 /* Frameworks */,
			);
			buildRules = (
			);
			dependencies = (
			);
			name = "Xpring-Demo";
			productName = "Xpring-Demo";
			productReference = 45D47AFFC029EBA3135ECE5B /* Xpring-Demo */;
			productType = "com.apple.product-type.tool";
		};
		0531344983529969FEF0F2F7 /* PayId-Demo */ = {
			isa = PBXNativeTarget;
			buildConfigurationList = 146575B094EDB64F939693B5 /* Build configuration list for PBXNativeTarget "PayId-Demo" */;
			buildPhases = (
				A2DC7A17FC1DE79C4D1F71A1 /* Sources */,
				976276E7E7C61322BC395220 /* Frameworks */,
			);
			buildRules = (
			);
			dependencies = (
			);
			name = "PayId-Demo";
			productName = "PayId-Demo";
			productReference = 8E87767ABC0DF17582D4EA10 /* PayId-Demo */;
			productType = "com.apple.product-type.tool";
		};
		CCC4CB7F78476367FA472897 /* ILP-Demo */ = {
			isa = PBXNativeTarget;
			buildConfigurationList = 5C80F6EA5D27FFBE3836227B /* Build configuration list for PBXNativeTarget "ILP-Demo" */;
			buildPhases = (
				86FEC02DA05E880FAE9C7501 /* Sources */,
				669653EF843641F6BDE67FC7 /* Frameworks */,
			);
			buildRules = (
			);
			dependencies = (
			);
			name = "ILP-Demo";
			productName = "ILP-Demo";
			productReference = D25C211083B60DFFA3F86B4A /* ILP-Demo */;
			productType = "com.apple.product-type.tool";
		};
		E007DC80467E4F945D2E9A2C /* XRP-Demo */ = {
			isa = PBXNativeTarget;
			buildConfigurationList = 054D7D7F8D54B6BEC19D75CC /* Build configuration list for PBXNativeTarget "XRP-Demo" */;
			buildPhases = (
				553B14144756A554B1DE526B /* Sources */,
				6F2CF8700391F97237A7FC72 /* Frameworks */,
			);
			buildRules = (
			);
			dependencies = (
			);
			name = "XRP-Demo";
			productName = "XRP-Demo";
			productReference = 9E361485AE4C0990FFC4EB7D /* XRP-Demo */;
			productType = "com.apple.product-type.tool";
		};
/* End PBXNativeTarget section */

/* Begin PBXProject section */
		28CE01C71E465FC27A81327D /* Project object */ = {
			isa = PBXProject;
			attributes = {
				LastUpgradeCheck = 1020;
				TargetAttributes = {
				};
			};
			buildConfigurationList = 514ADDBB9CF5356ADD7D461C /* Build configuration list for PBXProject "XpringSDKDemo" */;
			compatibilityVersion = "Xcode 10.0";
			developmentRegion = en;
			hasScannedForEncodings = 0;
			knownRegions = (
				Base,
				en,
			);
			mainGroup = 42131D72FA16AEEBDD18AE11;
			projectDirPath = "";
			projectRoot = "";
			targets = (
				CCC4CB7F78476367FA472897 /* ILP-Demo */,
				0531344983529969FEF0F2F7 /* PayId-Demo */,
				E007DC80467E4F945D2E9A2C /* XRP-Demo */,
				03EAEC6BD32BFD581007C85D /* Xpring-Demo */,
			);
		};
/* End PBXProject section */

/* Begin PBXSourcesBuildPhase section */
		553B14144756A554B1DE526B /* Sources */ = {
			isa = PBXSourcesBuildPhase;
			buildActionMask = 2147483647;
			files = (
				60F02DB3B43009EAB6E436DE /* main.swift in Sources */,
			);
			runOnlyForDeploymentPostprocessing = 0;
		};
		86FEC02DA05E880FAE9C7501 /* Sources */ = {
			isa = PBXSourcesBuildPhase;
			buildActionMask = 2147483647;
			files = (
				EAB26F61826425F1E8F84B2F /* main.swift in Sources */,
			);
			runOnlyForDeploymentPostprocessing = 0;
		};
		A2DC7A17FC1DE79C4D1F71A1 /* Sources */ = {
			isa = PBXSourcesBuildPhase;
			buildActionMask = 2147483647;
			files = (
				131C022BBCABB53AA6783685 /* main.swift in Sources */,
			);
			runOnlyForDeploymentPostprocessing = 0;
		};
		C7FB367363D3D280E4AA3BC1 /* Sources */ = {
			isa = PBXSourcesBuildPhase;
			buildActionMask = 2147483647;
			files = (
				6C09CE163C7A32D68FCD0A6C /* main.swift in Sources */,
			);
			runOnlyForDeploymentPostprocessing = 0;
		};
/* End PBXSourcesBuildPhase section */

/* Begin XCBuildConfiguration section */
		02CE4DBA6DFCC3A216792AC6 /* Debug */ = {
			isa = XCBuildConfiguration;
			buildSettings = {
				COMBINE_HIDPI_IMAGES = YES;
				FRAMEWORK_SEARCH_PATHS = (
					"$(inherited)",
					"$(PROJECT_DIR)/Carthage/Build/Mac",
				);
				LD_RUNPATH_SEARCH_PATHS = "$(inherited) @executable_path/../Frameworks @loader_path/../Frameworks $(PROJECT_DIR)/Carthage/Build/Mac";
				PRODUCT_BUNDLE_IDENTIFIER = "io.xpring.PayId-Demo";
				SDKROOT = macosx;
			};
			name = Debug;
		};
		2AFC19D8214A33306E60D826 /* Release */ = {
			isa = XCBuildConfiguration;
			buildSettings = {
				COMBINE_HIDPI_IMAGES = YES;
				FRAMEWORK_SEARCH_PATHS = (
					"$(inherited)",
					"$(PROJECT_DIR)/Carthage/Build/Mac",
				);
				LD_RUNPATH_SEARCH_PATHS = "$(inherited) @executable_path/../Frameworks @loader_path/../Frameworks $(PROJECT_DIR)/Carthage/Build/Mac";
				PRODUCT_BUNDLE_IDENTIFIER = "io.xpring.Xpring-Demo";
				SDKROOT = macosx;
			};
			name = Release;
		};
		33F11D815C733F05003CC17A /* Debug */ = {
			isa = XCBuildConfiguration;
			buildSettings = {
				COMBINE_HIDPI_IMAGES = YES;
				FRAMEWORK_SEARCH_PATHS = (
					"$(inherited)",
					"$(PROJECT_DIR)/Carthage/Build/Mac",
				);
				LD_RUNPATH_SEARCH_PATHS = "$(inherited) @executable_path/../Frameworks @loader_path/../Frameworks $(PROJECT_DIR)/Carthage/Build/Mac";
				PRODUCT_BUNDLE_IDENTIFIER = "io.xpring.ILP-Demo";
				SDKROOT = macosx;
			};
			name = Debug;
		};
		46A46BBDB5FFC44586CF9B46 /* Debug */ = {
			isa = XCBuildConfiguration;
			buildSettings = {
				COMBINE_HIDPI_IMAGES = YES;
				FRAMEWORK_SEARCH_PATHS = (
					"$(inherited)",
					"$(PROJECT_DIR)/Carthage/Build/Mac",
				);
				LD_RUNPATH_SEARCH_PATHS = "$(inherited) @executable_path/../Frameworks @loader_path/../Frameworks $(PROJECT_DIR)/Carthage/Build/Mac";
				PRODUCT_BUNDLE_IDENTIFIER = "io.xpring.XRP-Demo";
				SDKROOT = macosx;
			};
			name = Debug;
		};
		75F9F29E0B82C4D1FB1F98E6 /* Debug */ = {
			isa = XCBuildConfiguration;
			buildSettings = {
				COMBINE_HIDPI_IMAGES = YES;
				FRAMEWORK_SEARCH_PATHS = (
					"$(inherited)",
					"$(PROJECT_DIR)/Carthage/Build/Mac",
				);
				LD_RUNPATH_SEARCH_PATHS = "$(inherited) @executable_path/../Frameworks @loader_path/../Frameworks $(PROJECT_DIR)/Carthage/Build/Mac";
				PRODUCT_BUNDLE_IDENTIFIER = "io.xpring.Xpring-Demo";
				SDKROOT = macosx;
			};
			name = Debug;
		};
		A41D8FE1AC5AFBE989D7250A /* Release */ = {
			isa = XCBuildConfiguration;
			buildSettings = {
				COMBINE_HIDPI_IMAGES = YES;
				FRAMEWORK_SEARCH_PATHS = (
					"$(inherited)",
					"$(PROJECT_DIR)/Carthage/Build/Mac",
				);
				LD_RUNPATH_SEARCH_PATHS = "$(inherited) @executable_path/../Frameworks @loader_path/../Frameworks $(PROJECT_DIR)/Carthage/Build/Mac";
				PRODUCT_BUNDLE_IDENTIFIER = "io.xpring.ILP-Demo";
				SDKROOT = macosx;
			};
			name = Release;
		};
		BB7CFA01A528883B07D4DD64 /* Release */ = {
			isa = XCBuildConfiguration;
			buildSettings = {
				COMBINE_HIDPI_IMAGES = YES;
				FRAMEWORK_SEARCH_PATHS = (
					"$(inherited)",
					"$(PROJECT_DIR)/Carthage/Build/Mac",
				);
				LD_RUNPATH_SEARCH_PATHS = "$(inherited) @executable_path/../Frameworks @loader_path/../Frameworks $(PROJECT_DIR)/Carthage/Build/Mac";
				PRODUCT_BUNDLE_IDENTIFIER = "io.xpring.PayId-Demo";
				SDKROOT = macosx;
			};
			name = Release;
		};
		BED661692A9F40F7242D77BC /* Debug */ = {
			isa = XCBuildConfiguration;
			buildSettings = {
				ALWAYS_SEARCH_USER_PATHS = NO;
				CLANG_ANALYZER_NONNULL = YES;
				CLANG_ANALYZER_NUMBER_OBJECT_CONVERSION = YES_AGGRESSIVE;
				CLANG_CXX_LANGUAGE_STANDARD = "gnu++14";
				CLANG_CXX_LIBRARY = "libc++";
				CLANG_ENABLE_MODULES = YES;
				CLANG_ENABLE_OBJC_ARC = YES;
				CLANG_WARN_BLOCK_CAPTURE_AUTORELEASING = YES;
				CLANG_WARN_BOOL_CONVERSION = YES;
				CLANG_WARN_COMMA = YES;
				CLANG_WARN_CONSTANT_CONVERSION = YES;
				CLANG_WARN_DEPRECATED_OBJC_IMPLEMENTATIONS = YES;
				CLANG_WARN_DIRECT_OBJC_ISA_USAGE = YES_ERROR;
				CLANG_WARN_DOCUMENTATION_COMMENTS = YES;
				CLANG_WARN_EMPTY_BODY = YES;
				CLANG_WARN_ENUM_CONVERSION = YES;
				CLANG_WARN_INFINITE_RECURSION = YES;
				CLANG_WARN_INT_CONVERSION = YES;
				CLANG_WARN_NON_LITERAL_NULL_CONVERSION = YES;
				CLANG_WARN_OBJC_IMPLICIT_RETAIN_SELF = YES;
				CLANG_WARN_OBJC_LITERAL_CONVERSION = YES;
				CLANG_WARN_OBJC_ROOT_CLASS = YES_ERROR;
				CLANG_WARN_RANGE_LOOP_ANALYSIS = YES;
				CLANG_WARN_STRICT_PROTOTYPES = YES;
				CLANG_WARN_SUSPICIOUS_MOVE = YES;
				CLANG_WARN_UNGUARDED_AVAILABILITY = YES_AGGRESSIVE;
				CLANG_WARN_UNREACHABLE_CODE = YES;
				CLANG_WARN__DUPLICATE_METHOD_MATCH = YES;
				COPY_PHASE_STRIP = NO;
				DEBUG_INFORMATION_FORMAT = dwarf;
				ENABLE_STRICT_OBJC_MSGSEND = YES;
				ENABLE_TESTABILITY = YES;
				GCC_C_LANGUAGE_STANDARD = gnu11;
				GCC_DYNAMIC_NO_PIC = NO;
				GCC_NO_COMMON_BLOCKS = YES;
				GCC_OPTIMIZATION_LEVEL = 0;
				GCC_PREPROCESSOR_DEFINITIONS = (
					"$(inherited)",
					"DEBUG=1",
				);
				GCC_WARN_64_TO_32_BIT_CONVERSION = YES;
				GCC_WARN_ABOUT_RETURN_TYPE = YES_ERROR;
				GCC_WARN_UNDECLARED_SELECTOR = YES;
				GCC_WARN_UNINITIALIZED_AUTOS = YES_AGGRESSIVE;
				GCC_WARN_UNUSED_FUNCTION = YES;
				GCC_WARN_UNUSED_VARIABLE = YES;
				MTL_ENABLE_DEBUG_INFO = YES;
				ONLY_ACTIVE_ARCH = YES;
				PRODUCT_NAME = "$(TARGET_NAME)";
				SDKROOT = macosx;
				SWIFT_ACTIVE_COMPILATION_CONDITIONS = DEBUG;
				SWIFT_OPTIMIZATION_LEVEL = "-Onone";
				SWIFT_VERSION = 5.0;
			};
			name = Debug;
		};
		D4730AD7D8CAAA6797C22B0A /* Release */ = {
			isa = XCBuildConfiguration;
			buildSettings = {
				ALWAYS_SEARCH_USER_PATHS = NO;
				CLANG_ANALYZER_NONNULL = YES;
				CLANG_ANALYZER_NUMBER_OBJECT_CONVERSION = YES_AGGRESSIVE;
				CLANG_CXX_LANGUAGE_STANDARD = "gnu++14";
				CLANG_CXX_LIBRARY = "libc++";
				CLANG_ENABLE_MODULES = YES;
				CLANG_ENABLE_OBJC_ARC = YES;
				CLANG_WARN_BLOCK_CAPTURE_AUTORELEASING = YES;
				CLANG_WARN_BOOL_CONVERSION = YES;
				CLANG_WARN_COMMA = YES;
				CLANG_WARN_CONSTANT_CONVERSION = YES;
				CLANG_WARN_DEPRECATED_OBJC_IMPLEMENTATIONS = YES;
				CLANG_WARN_DIRECT_OBJC_ISA_USAGE = YES_ERROR;
				CLANG_WARN_DOCUMENTATION_COMMENTS = YES;
				CLANG_WARN_EMPTY_BODY = YES;
				CLANG_WARN_ENUM_CONVERSION = YES;
				CLANG_WARN_INFINITE_RECURSION = YES;
				CLANG_WARN_INT_CONVERSION = YES;
				CLANG_WARN_NON_LITERAL_NULL_CONVERSION = YES;
				CLANG_WARN_OBJC_IMPLICIT_RETAIN_SELF = YES;
				CLANG_WARN_OBJC_LITERAL_CONVERSION = YES;
				CLANG_WARN_OBJC_ROOT_CLASS = YES_ERROR;
				CLANG_WARN_RANGE_LOOP_ANALYSIS = YES;
				CLANG_WARN_STRICT_PROTOTYPES = YES;
				CLANG_WARN_SUSPICIOUS_MOVE = YES;
				CLANG_WARN_UNGUARDED_AVAILABILITY = YES_AGGRESSIVE;
				CLANG_WARN_UNREACHABLE_CODE = YES;
				CLANG_WARN__DUPLICATE_METHOD_MATCH = YES;
				COPY_PHASE_STRIP = NO;
				DEBUG_INFORMATION_FORMAT = "dwarf-with-dsym";
				ENABLE_NS_ASSERTIONS = NO;
				ENABLE_STRICT_OBJC_MSGSEND = YES;
				GCC_C_LANGUAGE_STANDARD = gnu11;
				GCC_NO_COMMON_BLOCKS = YES;
				GCC_WARN_64_TO_32_BIT_CONVERSION = YES;
				GCC_WARN_ABOUT_RETURN_TYPE = YES_ERROR;
				GCC_WARN_UNDECLARED_SELECTOR = YES;
				GCC_WARN_UNINITIALIZED_AUTOS = YES_AGGRESSIVE;
				GCC_WARN_UNUSED_FUNCTION = YES;
				GCC_WARN_UNUSED_VARIABLE = YES;
				PRODUCT_NAME = "$(TARGET_NAME)";
				SDKROOT = macosx;
				SWIFT_COMPILATION_MODE = wholemodule;
				SWIFT_VERSION = 5.0;
				VALIDATE_PRODUCT = YES;
			};
			name = Release;
		};
		F387BECC6624500E2F3C2FB5 /* Release */ = {
			isa = XCBuildConfiguration;
			buildSettings = {
				COMBINE_HIDPI_IMAGES = YES;
				FRAMEWORK_SEARCH_PATHS = (
					"$(inherited)",
					"$(PROJECT_DIR)/Carthage/Build/Mac",
				);
				LD_RUNPATH_SEARCH_PATHS = "$(inherited) @executable_path/../Frameworks @loader_path/../Frameworks $(PROJECT_DIR)/Carthage/Build/Mac";
				PRODUCT_BUNDLE_IDENTIFIER = "io.xpring.XRP-Demo";
				SDKROOT = macosx;
			};
			name = Release;
		};
/* End XCBuildConfiguration section */

/* Begin XCConfigurationList section */
		054D7D7F8D54B6BEC19D75CC /* Build configuration list for PBXNativeTarget "XRP-Demo" */ = {
			isa = XCConfigurationList;
			buildConfigurations = (
				46A46BBDB5FFC44586CF9B46 /* Debug */,
				F387BECC6624500E2F3C2FB5 /* Release */,
			);
			defaultConfigurationIsVisible = 0;
			defaultConfigurationName = "";
		};
		146575B094EDB64F939693B5 /* Build configuration list for PBXNativeTarget "PayId-Demo" */ = {
			isa = XCConfigurationList;
			buildConfigurations = (
				02CE4DBA6DFCC3A216792AC6 /* Debug */,
				BB7CFA01A528883B07D4DD64 /* Release */,
			);
			defaultConfigurationIsVisible = 0;
			defaultConfigurationName = "";
		};
		16F46EDC13646F481576F83C /* Build configuration list for PBXNativeTarget "Xpring-Demo" */ = {
			isa = XCConfigurationList;
			buildConfigurations = (
				75F9F29E0B82C4D1FB1F98E6 /* Debug */,
				2AFC19D8214A33306E60D826 /* Release */,
			);
			defaultConfigurationIsVisible = 0;
			defaultConfigurationName = "";
		};
		514ADDBB9CF5356ADD7D461C /* Build configuration list for PBXProject "XpringSDKDemo" */ = {
			isa = XCConfigurationList;
			buildConfigurations = (
				BED661692A9F40F7242D77BC /* Debug */,
				D4730AD7D8CAAA6797C22B0A /* Release */,
			);
			defaultConfigurationIsVisible = 0;
			defaultConfigurationName = Debug;
		};
		5C80F6EA5D27FFBE3836227B /* Build configuration list for PBXNativeTarget "ILP-Demo" */ = {
			isa = XCConfigurationList;
			buildConfigurations = (
				33F11D815C733F05003CC17A /* Debug */,
				A41D8FE1AC5AFBE989D7250A /* Release */,
			);
			defaultConfigurationIsVisible = 0;
			defaultConfigurationName = "";
		};
/* End XCConfigurationList section */
	};
	rootObject = 28CE01C71E465FC27A81327D /* Project object */;
}
